
Microsoft Visual Studio Solution File, Format Version 12.00
# Visual Studio Version 17
VisualStudioVersion = 17.14.37027.9 d17.14
MinimumVisualStudioVersion = 10.0.40219.1
Project("{FAE04EC0-301F-11D3-BF4B-00C04F79EFBC}") = "TravelPlanner", "TravelPlanner\TravelPlanner.csproj", "{CA18BF7F-08BF-4D00-B478-3D5A4AB018D9}"
EndProject
Global
	GlobalSection(SolutionConfigurationPlatforms) = preSolution
		Debug|Any CPU = Debug|Any CPU
		Release|Any CPU = Release|Any CPU
	EndGlobalSection
	GlobalSection(ProjectConfigurationPlatforms) = postSolution
		{CA18BF7F-08BF-4D00-B478-3D5A4AB018D9}.Debug|Any CPU.ActiveCfg = Debug|Any CPU
		{CA18BF7F-08BF-4D00-B478-3D5A4AB018D9}.Debug|Any CPU.Build.0 = Debug|Any CPU
		{CA18BF7F-08BF-4D00-B478-3D5A4AB018D9}.Release|Any CPU.ActiveCfg = Release|Any CPU
		{CA18BF7F-08BF-4D00-B478-3D5A4AB018D9}.Release|Any CPU.Build.0 = Release|Any CPU
	EndGlobalSection
	GlobalSection(SolutionProperties) = preSolution
		HideSolutionNode = FALSE
	EndGlobalSection
	GlobalSection(ExtensibilityGlobals) = postSolution
		SolutionGuid = {F7C187F2-A4E1-483D-9CEF-DB7F3D30BF65}
	EndGlobalSection
EndGlobal
